// !$*UTF8*$!
{
	archiveVersion = 1;
	classes = {
	};
	objectVersion = 46;
	objects = {

/* Begin PBXBuildFile section */
		740815A61A5874BC00B3F465 /* main.m in Sources */ = {isa = PBXBuildFile; fileRef = 740815A51A5874BC00B3F465 /* main.m */; };
		740815A91A5874BC00B3F465 /* AppDelegate.m in Sources */ = {isa = PBXBuildFile; fileRef = 740815A81A5874BC00B3F465 /* AppDelegate.m */; };
		740815AC1A5874BC00B3F465 /* NewsFeedSample.xcdatamodeld in Sources */ = {isa = PBXBuildFile; fileRef = 740815AA1A5874BC00B3F465 /* NewsFeedSample.xcdatamodeld */; };
		740815B21A5874BC00B3F465 /* Main.storyboard in Resources */ = {isa = PBXBuildFile; fileRef = 740815B01A5874BC00B3F465 /* Main.storyboard */; };
		740815B41A5874BC00B3F465 /* Images.xcassets in Resources */ = {isa = PBXBuildFile; fileRef = 740815B31A5874BC00B3F465 /* Images.xcassets */; };
		740815C31A5874BC00B3F465 /* NewsFeedSampleTests.m in Sources */ = {isa = PBXBuildFile; fileRef = 740815C21A5874BC00B3F465 /* NewsFeedSampleTests.m */; };
		740815D21A5877EF00B3F465 /* NewsFeedTableViewController.m in Sources */ = {isa = PBXBuildFile; fileRef = 740815D11A5877EF00B3F465 /* NewsFeedTableViewController.m */; };
		740815D51A5879B500B3F465 /* NewsFeedCell.m in Sources */ = {isa = PBXBuildFile; fileRef = 740815D41A5879B500B3F465 /* NewsFeedCell.m */; };
		740815DE1A5884E700B3F465 /* CJSONDeserializer.m in Sources */ = {isa = PBXBuildFile; fileRef = 740815D81A5884E700B3F465 /* CJSONDeserializer.m */; };
		740815DF1A5884E700B3F465 /* CJSONSerializer.m in Sources */ = {isa = PBXBuildFile; fileRef = 740815DA1A5884E700B3F465 /* CJSONSerializer.m */; };
		740815E01A5884E700B3F465 /* NSDictionary_JSONExtensions.m in Sources */ = {isa = PBXBuildFile; fileRef = 740815DD1A5884E700B3F465 /* NSDictionary_JSONExtensions.m */; };
		740815E21A5898F500B3F465 /* facts.json in Resources */ = {isa = PBXBuildFile; fileRef = 740815E11A5898F500B3F465 /* facts.json */; };
		744876601A5B5E0C0036ACF6 /* MKAnnotationView+WebCache.m in Sources */ = {isa = PBXBuildFile; fileRef = 744876421A5B5E0C0036ACF6 /* MKAnnotationView+WebCache.m */; };
		744876611A5B5E0C0036ACF6 /* NSData+ImageContentType.m in Sources */ = {isa = PBXBuildFile; fileRef = 744876441A5B5E0C0036ACF6 /* NSData+ImageContentType.m */; };
		744876621A5B5E0C0036ACF6 /* SDImageCache.m in Sources */ = {isa = PBXBuildFile; fileRef = 744876461A5B5E0C0036ACF6 /* SDImageCache.m */; };
		744876631A5B5E0C0036ACF6 /* SDWebImageCompat.m in Sources */ = {isa = PBXBuildFile; fileRef = 744876481A5B5E0C0036ACF6 /* SDWebImageCompat.m */; };
		744876641A5B5E0C0036ACF6 /* SDWebImageDecoder.m in Sources */ = {isa = PBXBuildFile; fileRef = 7448764A1A5B5E0C0036ACF6 /* SDWebImageDecoder.m */; };
		744876651A5B5E0C0036ACF6 /* SDWebImageDownloader.m in Sources */ = {isa = PBXBuildFile; fileRef = 7448764C1A5B5E0C0036ACF6 /* SDWebImageDownloader.m */; };
		744876661A5B5E0C0036ACF6 /* SDWebImageDownloaderOperation.m in Sources */ = {isa = PBXBuildFile; fileRef = 7448764E1A5B5E0C0036ACF6 /* SDWebImageDownloaderOperation.m */; };
		744876671A5B5E0C0036ACF6 /* SDWebImageManager.m in Sources */ = {isa = PBXBuildFile; fileRef = 744876501A5B5E0C0036ACF6 /* SDWebImageManager.m */; };
		744876681A5B5E0C0036ACF6 /* SDWebImagePrefetcher.m in Sources */ = {isa = PBXBuildFile; fileRef = 744876531A5B5E0C0036ACF6 /* SDWebImagePrefetcher.m */; };
		744876691A5B5E0C0036ACF6 /* UIButton+WebCache.m in Sources */ = {isa = PBXBuildFile; fileRef = 744876551A5B5E0C0036ACF6 /* UIButton+WebCache.m */; };
		7448766A1A5B5E0C0036ACF6 /* UIImage+GIF.m in Sources */ = {isa = PBXBuildFile; fileRef = 744876571A5B5E0C0036ACF6 /* UIImage+GIF.m */; };
		7448766B1A5B5E0C0036ACF6 /* UIImage+MultiFormat.m in Sources */ = {isa = PBXBuildFile; fileRef = 744876591A5B5E0C0036ACF6 /* UIImage+MultiFormat.m */; };
		7448766C1A5B5E0C0036ACF6 /* UIImage+WebP.m in Sources */ = {isa = PBXBuildFile; fileRef = 7448765B1A5B5E0C0036ACF6 /* UIImage+WebP.m */; };
		7448766D1A5B5E0C0036ACF6 /* UIImageView+HighlightedWebCache.m in Sources */ = {isa = PBXBuildFile; fileRef = 7448765D1A5B5E0C0036ACF6 /* UIImageView+HighlightedWebCache.m */; };
		7448766E1A5B5E0C0036ACF6 /* UIImageView+WebCache.m in Sources */ = {isa = PBXBuildFile; fileRef = 7448765F1A5B5E0C0036ACF6 /* UIImageView+WebCache.m */; };
		744876711A5B5EA10036ACF6 /* placeholder.png in Resources */ = {isa = PBXBuildFile; fileRef = 744876701A5B5EA10036ACF6 /* placeholder.png */; };
		744876731A5B67B10036ACF6 /* ImageIO.framework in Frameworks */ = {isa = PBXBuildFile; fileRef = 744876721A5B67B10036ACF6 /* ImageIO.framework */; };
/* End PBXBuildFile section */

/* Begin PBXContainerItemProxy section */
		740815BD1A5874BC00B3F465 /* PBXContainerItemProxy */ = {
			isa = PBXContainerItemProxy;
			containerPortal = 740815981A5874BC00B3F465 /* Project object */;
			proxyType = 1;
			remoteGlobalIDString = 7408159F1A5874BC00B3F465;
			remoteInfo = NewsFeedSample;
		};
/* End PBXContainerItemProxy section */

/* Begin PBXFileReference section */
		740815A01A5874BC00B3F465 /* NewsFeedSample.app */ = {isa = PBXFileReference; explicitFileType = wrapper.application; includeInIndex = 0; path = NewsFeedSample.app; sourceTree = BUILT_PRODUCTS_DIR; };
		740815A41A5874BC00B3F465 /* Info.plist */ = {isa = PBXFileReference; lastKnownFileType = text.plist.xml; path = Info.plist; sourceTree = "<group>"; };
		740815A51A5874BC00B3F465 /* main.m */ = {isa = PBXFileReference; lastKnownFileType = sourcecode.c.objc; path = main.m; sourceTree = "<group>"; };
		740815A71A5874BC00B3F465 /* AppDelegate.h */ = {isa = PBXFileReference; lastKnownFileType = sourcecode.c.h; path = AppDelegate.h; sourceTree = "<group>"; };
		740815A81A5874BC00B3F465 /* AppDelegate.m */ = {isa = PBXFileReference; lastKnownFileType = sourcecode.c.objc; path = AppDelegate.m; sourceTree = "<group>"; };
		740815AB1A5874BC00B3F465 /* NewsFeedSample.xcdatamodel */ = {isa = PBXFileReference; lastKnownFileType = wrapper.xcdatamodel; path = NewsFeedSample.xcdatamodel; sourceTree = "<group>"; };
		740815B11A5874BC00B3F465 /* Base */ = {isa = PBXFileReference; lastKnownFileType = file.storyboard; name = Base; path = Base.lproj/Main.storyboard; sourceTree = "<group>"; };
		740815B31A5874BC00B3F465 /* Images.xcassets */ = {isa = PBXFileReference; lastKnownFileType = folder.assetcatalog; path = Images.xcassets; sourceTree = "<group>"; };
		740815BC1A5874BC00B3F465 /* NewsFeedSampleTests.xctest */ = {isa = PBXFileReference; explicitFileType = wrapper.cfbundle; includeInIndex = 0; path = NewsFeedSampleTests.xctest; sourceTree = BUILT_PRODUCTS_DIR; };
		740815C11A5874BC00B3F465 /* Info.plist */ = {isa = PBXFileReference; lastKnownFileType = text.plist.xml; path = Info.plist; sourceTree = "<group>"; };
		740815C21A5874BC00B3F465 /* NewsFeedSampleTests.m */ = {isa = PBXFileReference; lastKnownFileType = sourcecode.c.objc; path = NewsFeedSampleTests.m; sourceTree = "<group>"; };
		740815D01A5877EF00B3F465 /* NewsFeedTableViewController.h */ = {isa = PBXFileReference; fileEncoding = 4; lastKnownFileType = sourcecode.c.h; path = NewsFeedTableViewController.h; sourceTree = "<group>"; };
		740815D11A5877EF00B3F465 /* NewsFeedTableViewController.m */ = {isa = PBXFileReference; fileEncoding = 4; lastKnownFileType = sourcecode.c.objc; path = NewsFeedTableViewController.m; sourceTree = "<group>"; };
		740815D31A5879B500B3F465 /* NewsFeedCell.h */ = {isa = PBXFileReference; fileEncoding = 4; lastKnownFileType = sourcecode.c.h; path = NewsFeedCell.h; sourceTree = "<group>"; };
		740815D41A5879B500B3F465 /* NewsFeedCell.m */ = {isa = PBXFileReference; fileEncoding = 4; lastKnownFileType = sourcecode.c.objc; path = NewsFeedCell.m; sourceTree = "<group>"; };
		740815D71A5884E700B3F465 /* CJSONDeserializer.h */ = {isa = PBXFileReference; fileEncoding = 4; lastKnownFileType = sourcecode.c.h; path = CJSONDeserializer.h; sourceTree = "<group>"; };
		740815D81A5884E700B3F465 /* CJSONDeserializer.m */ = {isa = PBXFileReference; fileEncoding = 4; lastKnownFileType = sourcecode.c.objc; path = CJSONDeserializer.m; sourceTree = "<group>"; };
		740815D91A5884E700B3F465 /* CJSONSerializer.h */ = {isa = PBXFileReference; fileEncoding = 4; lastKnownFileType = sourcecode.c.h; path = CJSONSerializer.h; sourceTree = "<group>"; };
		740815DA1A5884E700B3F465 /* CJSONSerializer.m */ = {isa = PBXFileReference; fileEncoding = 4; lastKnownFileType = sourcecode.c.objc; path = CJSONSerializer.m; sourceTree = "<group>"; };
		740815DB1A5884E700B3F465 /* JSONRepresentation.h */ = {isa = PBXFileReference; fileEncoding = 4; lastKnownFileType = sourcecode.c.h; path = JSONRepresentation.h; sourceTree = "<group>"; };
		740815DC1A5884E700B3F465 /* NSDictionary_JSONExtensions.h */ = {isa = PBXFileReference; fileEncoding = 4; lastKnownFileType = sourcecode.c.h; path = NSDictionary_JSONExtensions.h; sourceTree = "<group>"; };
		740815DD1A5884E700B3F465 /* NSDictionary_JSONExtensions.m */ = {isa = PBXFileReference; fileEncoding = 4; lastKnownFileType = sourcecode.c.objc; path = NSDictionary_JSONExtensions.m; sourceTree = "<group>"; };
		740815E11A5898F500B3F465 /* facts.json */ = {isa = PBXFileReference; fileEncoding = 4; lastKnownFileType = text.json; path = facts.json; sourceTree = "<group>"; };
		744876411A5B5E0C0036ACF6 /* MKAnnotationView+WebCache.h */ = {isa = PBXFileReference; fileEncoding = 4; lastKnownFileType = sourcecode.c.h; path = "MKAnnotationView+WebCache.h"; sourceTree = "<group>"; };
		744876421A5B5E0C0036ACF6 /* MKAnnotationView+WebCache.m */ = {isa = PBXFileReference; fileEncoding = 4; lastKnownFileType = sourcecode.c.objc; path = "MKAnnotationView+WebCache.m"; sourceTree = "<group>"; };
		744876431A5B5E0C0036ACF6 /* NSData+ImageContentType.h */ = {isa = PBXFileReference; fileEncoding = 4; lastKnownFileType = sourcecode.c.h; path = "NSData+ImageContentType.h"; sourceTree = "<group>"; };
		744876441A5B5E0C0036ACF6 /* NSData+ImageContentType.m */ = {isa = PBXFileReference; fileEncoding = 4; lastKnownFileType = sourcecode.c.objc; path = "NSData+ImageContentType.m"; sourceTree = "<group>"; };
		744876451A5B5E0C0036ACF6 /* SDImageCache.h */ = {isa = PBXFileReference; fileEncoding = 4; lastKnownFileType = sourcecode.c.h; path = SDImageCache.h; sourceTree = "<group>"; };
		744876461A5B5E0C0036ACF6 /* SDImageCache.m */ = {isa = PBXFileReference; fileEncoding = 4; lastKnownFileType = sourcecode.c.objc; path = SDImageCache.m; sourceTree = "<group>"; };
		744876471A5B5E0C0036ACF6 /* SDWebImageCompat.h */ = {isa = PBXFileReference; fileEncoding = 4; lastKnownFileType = sourcecode.c.h; path = SDWebImageCompat.h; sourceTree = "<group>"; };
		744876481A5B5E0C0036ACF6 /* SDWebImageCompat.m */ = {isa = PBXFileReference; fileEncoding = 4; lastKnownFileType = sourcecode.c.objc; path = SDWebImageCompat.m; sourceTree = "<group>"; };
		744876491A5B5E0C0036ACF6 /* SDWebImageDecoder.h */ = {isa = PBXFileReference; fileEncoding = 4; lastKnownFileType = sourcecode.c.h; path = SDWebImageDecoder.h; sourceTree = "<group>"; };
		7448764A1A5B5E0C0036ACF6 /* SDWebImageDecoder.m */ = {isa = PBXFileReference; fileEncoding = 4; lastKnownFileType = sourcecode.c.objc; path = SDWebImageDecoder.m; sourceTree = "<group>"; };
		7448764B1A5B5E0C0036ACF6 /* SDWebImageDownloader.h */ = {isa = PBXFileReference; fileEncoding = 4; lastKnownFileType = sourcecode.c.h; path = SDWebImageDownloader.h; sourceTree = "<group>"; };
		7448764C1A5B5E0C0036ACF6 /* SDWebImageDownloader.m */ = {isa = PBXFileReference; fileEncoding = 4; lastKnownFileType = sourcecode.c.objc; path = SDWebImageDownloader.m; sourceTree = "<group>"; };
		7448764D1A5B5E0C0036ACF6 /* SDWebImageDownloaderOperation.h */ = {isa = PBXFileReference; fileEncoding = 4; lastKnownFileType = sourcecode.c.h; path = SDWebImageDownloaderOperation.h; sourceTree = "<group>"; };
		7448764E1A5B5E0C0036ACF6 /* SDWebImageDownloaderOperation.m */ = {isa = PBXFileReference; fileEncoding = 4; lastKnownFileType = sourcecode.c.objc; path = SDWebImageDownloaderOperation.m; sourceTree = "<group>"; };
		7448764F1A5B5E0C0036ACF6 /* SDWebImageManager.h */ = {isa = PBXFileReference; fileEncoding = 4; lastKnownFileType = sourcecode.c.h; path = SDWebImageManager.h; sourceTree = "<group>"; };
		744876501A5B5E0C0036ACF6 /* SDWebImageManager.m */ = {isa = PBXFileReference; fileEncoding = 4; lastKnownFileType = sourcecode.c.objc; path = SDWebImageManager.m; sourceTree = "<group>"; };
		744876511A5B5E0C0036ACF6 /* SDWebImageOperation.h */ = {isa = PBXFileReference; fileEncoding = 4; lastKnownFileType = sourcecode.c.h; path = SDWebImageOperation.h; sourceTree = "<group>"; };
		744876521A5B5E0C0036ACF6 /* SDWebImagePrefetcher.h */ = {isa = PBXFileReference; fileEncoding = 4; lastKnownFileType = sourcecode.c.h; path = SDWebImagePrefetcher.h; sourceTree = "<group>"; };
		744876531A5B5E0C0036ACF6 /* SDWebImagePrefetcher.m */ = {isa = PBXFileReference; fileEncoding = 4; lastKnownFileType = sourcecode.c.objc; path = SDWebImagePrefetcher.m; sourceTree = "<group>"; };
		744876541A5B5E0C0036ACF6 /* UIButton+WebCache.h */ = {isa = PBXFileReference; fileEncoding = 4; lastKnownFileType = sourcecode.c.h; path = "UIButton+WebCache.h"; sourceTree = "<group>"; };
		744876551A5B5E0C0036ACF6 /* UIButton+WebCache.m */ = {isa = PBXFileReference; fileEncoding = 4; lastKnownFileType = sourcecode.c.objc; path = "UIButton+WebCache.m"; sourceTree = "<group>"; };
		744876561A5B5E0C0036ACF6 /* UIImage+GIF.h */ = {isa = PBXFileReference; fileEncoding = 4; lastKnownFileType = sourcecode.c.h; path = "UIImage+GIF.h"; sourceTree = "<group>"; };
		744876571A5B5E0C0036ACF6 /* UIImage+GIF.m */ = {isa = PBXFileReference; fileEncoding = 4; lastKnownFileType = sourcecode.c.objc; path = "UIImage+GIF.m"; sourceTree = "<group>"; };
		744876581A5B5E0C0036ACF6 /* UIImage+MultiFormat.h */ = {isa = PBXFileReference; fileEncoding = 4; lastKnownFileType = sourcecode.c.h; path = "UIImage+MultiFormat.h"; sourceTree = "<group>"; };
		744876591A5B5E0C0036ACF6 /* UIImage+MultiFormat.m */ = {isa = PBXFileReference; fileEncoding = 4; lastKnownFileType = sourcecode.c.objc; path = "UIImage+MultiFormat.m"; sourceTree = "<group>"; };
		7448765A1A5B5E0C0036ACF6 /* UIImage+WebP.h */ = {isa = PBXFileReference; fileEncoding = 4; lastKnownFileType = sourcecode.c.h; path = "UIImage+WebP.h"; sourceTree = "<group>"; };
		7448765B1A5B5E0C0036ACF6 /* UIImage+WebP.m */ = {isa = PBXFileReference; fileEncoding = 4; lastKnownFileType = sourcecode.c.objc; path = "UIImage+WebP.m"; sourceTree = "<group>"; };
		7448765C1A5B5E0C0036ACF6 /* UIImageView+HighlightedWebCache.h */ = {isa = PBXFileReference; fileEncoding = 4; lastKnownFileType = sourcecode.c.h; path = "UIImageView+HighlightedWebCache.h"; sourceTree = "<group>"; };
		7448765D1A5B5E0C0036ACF6 /* UIImageView+HighlightedWebCache.m */ = {isa = PBXFileReference; fileEncoding = 4; lastKnownFileType = sourcecode.c.objc; path = "UIImageView+HighlightedWebCache.m"; sourceTree = "<group>"; };
		7448765E1A5B5E0C0036ACF6 /* UIImageView+WebCache.h */ = {isa = PBXFileReference; fileEncoding = 4; lastKnownFileType = sourcecode.c.h; path = "UIImageView+WebCache.h"; sourceTree = "<group>"; };
		7448765F1A5B5E0C0036ACF6 /* UIImageView+WebCache.m */ = {isa = PBXFileReference; fileEncoding = 4; lastKnownFileType = sourcecode.c.objc; path = "UIImageView+WebCache.m"; sourceTree = "<group>"; };
		744876701A5B5EA10036ACF6 /* placeholder.png */ = {isa = PBXFileReference; lastKnownFileType = image.png; path = placeholder.png; sourceTree = "<group>"; };
		744876721A5B67B10036ACF6 /* ImageIO.framework */ = {isa = PBXFileReference; lastKnownFileType = wrapper.framework; name = ImageIO.framework; path = System/Library/Frameworks/ImageIO.framework; sourceTree = SDKROOT; };
/* End PBXFileReference section */

/* Begin PBXFrameworksBuildPhase section */
		7408159D1A5874BC00B3F465 /* Frameworks */ = {
			isa = PBXFrameworksBuildPhase;
			buildActionMask = 2147483647;
			files = (
				744876731A5B67B10036ACF6 /* ImageIO.framework in Frameworks */,
			);
			runOnlyForDeploymentPostprocessing = 0;
		};
		740815B91A5874BC00B3F465 /* Frameworks */ = {
			isa = PBXFrameworksBuildPhase;
			buildActionMask = 2147483647;
			files = (
			);
			runOnlyForDeploymentPostprocessing = 0;
		};
/* End PBXFrameworksBuildPhase section */

/* Begin PBXGroup section */
		740815971A5874BC00B3F465 = {
			isa = PBXGroup;
			children = (
				744876721A5B67B10036ACF6 /* ImageIO.framework */,
				740815A21A5874BC00B3F465 /* NewsFeedSample */,
				740815BF1A5874BC00B3F465 /* NewsFeedSampleTests */,
				740815A11A5874BC00B3F465 /* Products */,
			);
			sourceTree = "<group>";
		};
		740815A11A5874BC00B3F465 /* Products */ = {
			isa = PBXGroup;
			children = (
				740815A01A5874BC00B3F465 /* NewsFeedSample.app */,
				740815BC1A5874BC00B3F465 /* NewsFeedSampleTests.xctest */,
			);
			name = Products;
			sourceTree = "<group>";
		};
		740815A21A5874BC00B3F465 /* NewsFeedSample */ = {
			isa = PBXGroup;
			children = (
				740815CF1A58769C00B3F465 /* Data */,
				740815CE1A58762200B3F465 /* Storyboard */,
				740815CD1A58761600B3F465 /* Controller */,
				740815CC1A58760B00B3F465 /* Utilities */,
				740815A71A5874BC00B3F465 /* AppDelegate.h */,
				740815A81A5874BC00B3F465 /* AppDelegate.m */,
				740815A31A5874BC00B3F465 /* Supporting Files */,
			);
			path = NewsFeedSample;
			sourceTree = "<group>";
		};
		740815A31A5874BC00B3F465 /* Supporting Files */ = {
			isa = PBXGroup;
			children = (
				740815A41A5874BC00B3F465 /* Info.plist */,
				740815A51A5874BC00B3F465 /* main.m */,
			);
			name = "Supporting Files";
			sourceTree = "<group>";
		};
		740815BF1A5874BC00B3F465 /* NewsFeedSampleTests */ = {
			isa = PBXGroup;
			children = (
				740815C21A5874BC00B3F465 /* NewsFeedSampleTests.m */,
				740815C01A5874BC00B3F465 /* Supporting Files */,
			);
			path = NewsFeedSampleTests;
			sourceTree = "<group>";
		};
		740815C01A5874BC00B3F465 /* Supporting Files */ = {
			isa = PBXGroup;
			children = (
				740815C11A5874BC00B3F465 /* Info.plist */,
			);
			name = "Supporting Files";
			sourceTree = "<group>";
		};
		740815CC1A58760B00B3F465 /* Utilities */ = {
			isa = PBXGroup;
			children = (
				7448766F1A5B5E880036ACF6 /* Images */,
				744876401A5B5E0C0036ACF6 /* SDWebImage */,
				740815D61A5884C900B3F465 /* TouchJson */,
			);
			name = Utilities;
			sourceTree = "<group>";
		};
		740815CD1A58761600B3F465 /* Controller */ = {
			isa = PBXGroup;
			children = (
				740815D01A5877EF00B3F465 /* NewsFeedTableViewController.h */,
				740815D11A5877EF00B3F465 /* NewsFeedTableViewController.m */,
				740815D31A5879B500B3F465 /* NewsFeedCell.h */,
				740815D41A5879B500B3F465 /* NewsFeedCell.m */,
			);
			name = Controller;
			sourceTree = "<group>";
		};
		740815CE1A58762200B3F465 /* Storyboard */ = {
			isa = PBXGroup;
			children = (
				740815B01A5874BC00B3F465 /* Main.storyboard */,
				740815B31A5874BC00B3F465 /* Images.xcassets */,
			);
			name = Storyboard;
			sourceTree = "<group>";
		};
		740815CF1A58769C00B3F465 /* Data */ = {
			isa = PBXGroup;
			children = (
				740815E11A5898F500B3F465 /* facts.json */,
				740815AA1A5874BC00B3F465 /* NewsFeedSample.xcdatamodeld */,
			);
			name = Data;
			sourceTree = "<group>";
		};
		740815D61A5884C900B3F465 /* TouchJson */ = {
			isa = PBXGroup;
			children = (
				740815D71A5884E700B3F465 /* CJSONDeserializer.h */,
				740815D81A5884E700B3F465 /* CJSONDeserializer.m */,
				740815D91A5884E700B3F465 /* CJSONSerializer.h */,
				740815DA1A5884E700B3F465 /* CJSONSerializer.m */,
				740815DB1A5884E700B3F465 /* JSONRepresentation.h */,
				740815DC1A5884E700B3F465 /* NSDictionary_JSONExtensions.h */,
				740815DD1A5884E700B3F465 /* NSDictionary_JSONExtensions.m */,
			);
			name = TouchJson;
			sourceTree = "<group>";
		};
		744876401A5B5E0C0036ACF6 /* SDWebImage */ = {
			isa = PBXGroup;
			children = (
				744876411A5B5E0C0036ACF6 /* MKAnnotationView+WebCache.h */,
				744876421A5B5E0C0036ACF6 /* MKAnnotationView+WebCache.m */,
				744876431A5B5E0C0036ACF6 /* NSData+ImageContentType.h */,
				744876441A5B5E0C0036ACF6 /* NSData+ImageContentType.m */,
				744876451A5B5E0C0036ACF6 /* SDImageCache.h */,
				744876461A5B5E0C0036ACF6 /* SDImageCache.m */,
				744876471A5B5E0C0036ACF6 /* SDWebImageCompat.h */,
				744876481A5B5E0C0036ACF6 /* SDWebImageCompat.m */,
				744876491A5B5E0C0036ACF6 /* SDWebImageDecoder.h */,
				7448764A1A5B5E0C0036ACF6 /* SDWebImageDecoder.m */,
				7448764B1A5B5E0C0036ACF6 /* SDWebImageDownloader.h */,
				7448764C1A5B5E0C0036ACF6 /* SDWebImageDownloader.m */,
				7448764D1A5B5E0C0036ACF6 /* SDWebImageDownloaderOperation.h */,
				7448764E1A5B5E0C0036ACF6 /* SDWebImageDownloaderOperation.m */,
				7448764F1A5B5E0C0036ACF6 /* SDWebImageManager.h */,
				744876501A5B5E0C0036ACF6 /* SDWebImageManager.m */,
				744876511A5B5E0C0036ACF6 /* SDWebImageOperation.h */,
				744876521A5B5E0C0036ACF6 /* SDWebImagePrefetcher.h */,
				744876531A5B5E0C0036ACF6 /* SDWebImagePrefetcher.m */,
				744876541A5B5E0C0036ACF6 /* UIButton+WebCache.h */,
				744876551A5B5E0C0036ACF6 /* UIButton+WebCache.m */,
				744876561A5B5E0C0036ACF6 /* UIImage+GIF.h */,
				744876571A5B5E0C0036ACF6 /* UIImage+GIF.m */,
				744876581A5B5E0C0036ACF6 /* UIImage+MultiFormat.h */,
				744876591A5B5E0C0036ACF6 /* UIImage+MultiFormat.m */,
				7448765A1A5B5E0C0036ACF6 /* UIImage+WebP.h */,
				7448765B1A5B5E0C0036ACF6 /* UIImage+WebP.m */,
				7448765C1A5B5E0C0036ACF6 /* UIImageView+HighlightedWebCache.h */,
				7448765D1A5B5E0C0036ACF6 /* UIImageView+HighlightedWebCache.m */,
				7448765E1A5B5E0C0036ACF6 /* UIImageView+WebCache.h */,
				7448765F1A5B5E0C0036ACF6 /* UIImageView+WebCache.m */,
			);
			path = SDWebImage;
			sourceTree = "<group>";
		};
		7448766F1A5B5E880036ACF6 /* Images */ = {
			isa = PBXGroup;
			children = (
				744876701A5B5EA10036ACF6 /* placeholder.png */,
			);
			name = Images;
			sourceTree = "<group>";
		};
/* End PBXGroup section */

/* Begin PBXNativeTarget section */
		7408159F1A5874BC00B3F465 /* NewsFeedSample */ = {
			isa = PBXNativeTarget;
			buildConfigurationList = 740815C61A5874BC00B3F465 /* Build configuration list for PBXNativeTarget "NewsFeedSample" */;
			buildPhases = (
				7408159C1A5874BC00B3F465 /* Sources */,
				7408159D1A5874BC00B3F465 /* Frameworks */,
				7408159E1A5874BC00B3F465 /* Resources */,
			);
			buildRules = (
			);
			dependencies = (
			);
			name = NewsFeedSample;
			productName = NewsFeedSample;
			productReference = 740815A01A5874BC00B3F465 /* NewsFeedSample.app */;
			productType = "com.apple.product-type.application";
		};
		740815BB1A5874BC00B3F465 /* NewsFeedSampleTests */ = {
			isa = PBXNativeTarget;
			buildConfigurationList = 740815C91A5874BC00B3F465 /* Build configuration list for PBXNativeTarget "NewsFeedSampleTests" */;
			buildPhases = (
				740815B81A5874BC00B3F465 /* Sources */,
				740815B91A5874BC00B3F465 /* Frameworks */,
				740815BA1A5874BC00B3F465 /* Resources */,
			);
			buildRules = (
			);
			dependencies = (
				740815BE1A5874BC00B3F465 /* PBXTargetDependency */,
			);
			name = NewsFeedSampleTests;
			productName = NewsFeedSampleTests;
			productReference = 740815BC1A5874BC00B3F465 /* NewsFeedSampleTests.xctest */;
			productType = "com.apple.product-type.bundle.unit-test";
		};
/* End PBXNativeTarget section */

/* Begin PBXProject section */
		740815981A5874BC00B3F465 /* Project object */ = {
			isa = PBXProject;
			attributes = {
				LastUpgradeCheck = 0610;
				ORGANIZATIONNAME = com.pactera.iosteam;
				TargetAttributes = {
					7408159F1A5874BC00B3F465 = {
						CreatedOnToolsVersion = 6.1.1;
					};
					740815BB1A5874BC00B3F465 = {
						CreatedOnToolsVersion = 6.1.1;
						TestTargetID = 7408159F1A5874BC00B3F465;
					};
				};
			};
			buildConfigurationList = 7408159B1A5874BC00B3F465 /* Build configuration list for PBXProject "NewsFeedSample" */;
			compatibilityVersion = "Xcode 3.2";
			developmentRegion = English;
			hasScannedForEncodings = 0;
			knownRegions = (
				en,
				Base,
			);
			mainGroup = 740815971A5874BC00B3F465;
			productRefGroup = 740815A11A5874BC00B3F465 /* Products */;
			projectDirPath = "";
			projectRoot = "";
			targets = (
				7408159F1A5874BC00B3F465 /* NewsFeedSample */,
				740815BB1A5874BC00B3F465 /* NewsFeedSampleTests */,
			);
		};
/* End PBXProject section */

/* Begin PBXResourcesBuildPhase section */
		7408159E1A5874BC00B3F465 /* Resources */ = {
			isa = PBXResourcesBuildPhase;
			buildActionMask = 2147483647;
			files = (
				740815B21A5874BC00B3F465 /* Main.storyboard in Resources */,
				744876711A5B5EA10036ACF6 /* placeholder.png in Resources */,
				740815E21A5898F500B3F465 /* facts.json in Resources */,
				740815B41A5874BC00B3F465 /* Images.xcassets in Resources */,
			);
			runOnlyForDeploymentPostprocessing = 0;
		};
		740815BA1A5874BC00B3F465 /* Resources */ = {
			isa = PBXResourcesBuildPhase;
			buildActionMask = 2147483647;
			files = (
			);
			runOnlyForDeploymentPostprocessing = 0;
		};
/* End PBXResourcesBuildPhase section */

/* Begin PBXSourcesBuildPhase section */
		7408159C1A5874BC00B3F465 /* Sources */ = {
			isa = PBXSourcesBuildPhase;
			buildActionMask = 2147483647;
			files = (
				744876641A5B5E0C0036ACF6 /* SDWebImageDecoder.m in Sources */,
				744876671A5B5E0C0036ACF6 /* SDWebImageManager.m in Sources */,
				744876611A5B5E0C0036ACF6 /* NSData+ImageContentType.m in Sources */,
				744876631A5B5E0C0036ACF6 /* SDWebImageCompat.m in Sources */,
				7448766C1A5B5E0C0036ACF6 /* UIImage+WebP.m in Sources */,
				740815E01A5884E700B3F465 /* NSDictionary_JSONExtensions.m in Sources */,
				7448766D1A5B5E0C0036ACF6 /* UIImageView+HighlightedWebCache.m in Sources */,
				740815DE1A5884E700B3F465 /* CJSONDeserializer.m in Sources */,
				740815D21A5877EF00B3F465 /* NewsFeedTableViewController.m in Sources */,
				744876691A5B5E0C0036ACF6 /* UIButton+WebCache.m in Sources */,
				744876681A5B5E0C0036ACF6 /* SDWebImagePrefetcher.m in Sources */,
				744876661A5B5E0C0036ACF6 /* SDWebImageDownloaderOperation.m in Sources */,
				740815A91A5874BC00B3F465 /* AppDelegate.m in Sources */,
				740815A61A5874BC00B3F465 /* main.m in Sources */,
				7448766B1A5B5E0C0036ACF6 /* UIImage+MultiFormat.m in Sources */,
				740815D51A5879B500B3F465 /* NewsFeedCell.m in Sources */,
				744876621A5B5E0C0036ACF6 /* SDImageCache.m in Sources */,
				740815DF1A5884E700B3F465 /* CJSONSerializer.m in Sources */,
				740815AC1A5874BC00B3F465 /* NewsFeedSample.xcdatamodeld in Sources */,
				7448766A1A5B5E0C0036ACF6 /* UIImage+GIF.m in Sources */,
				744876651A5B5E0C0036ACF6 /* SDWebImageDownloader.m in Sources */,
				7448766E1A5B5E0C0036ACF6 /* UIImageView+WebCache.m in Sources */,
				744876601A5B5E0C0036ACF6 /* MKAnnotationView+WebCache.m in Sources */,
			);
			runOnlyForDeploymentPostprocessing = 0;
		};
		740815B81A5874BC00B3F465 /* Sources */ = {
			isa = PBXSourcesBuildPhase;
			buildActionMask = 2147483647;
			files = (
				740815C31A5874BC00B3F465 /* NewsFeedSampleTests.m in Sources */,
			);
			runOnlyForDeploymentPostprocessing = 0;
		};
/* End PBXSourcesBuildPhase section */

/* Begin PBXTargetDependency section */
		740815BE1A5874BC00B3F465 /* PBXTargetDependency */ = {
			isa = PBXTargetDependency;
			target = 7408159F1A5874BC00B3F465 /* NewsFeedSample */;
			targetProxy = 740815BD1A5874BC00B3F465 /* PBXContainerItemProxy */;
		};
/* End PBXTargetDependency section */

/* Begin PBXVariantGroup section */
		740815B01A5874BC00B3F465 /* Main.storyboard */ = {
			isa = PBXVariantGroup;
			children = (
				740815B11A5874BC00B3F465 /* Base */,
			);
			name = Main.storyboard;
			sourceTree = "<group>";
		};
/* End PBXVariantGroup section */

/* Begin XCBuildConfiguration section */
		740815C41A5874BC00B3F465 /* Debug */ = {
			isa = XCBuildConfiguration;
			buildSettings = {
				ALWAYS_SEARCH_USER_PATHS = NO;
				CLANG_CXX_LANGUAGE_STANDARD = "gnu++0x";
				CLANG_CXX_LIBRARY = "libc++";
				CLANG_ENABLE_MODULES = YES;
				CLANG_ENABLE_OBJC_ARC = YES;
				CLANG_WARN_BOOL_CONVERSION = YES;
				CLANG_WARN_CONSTANT_CONVERSION = YES;
				CLANG_WARN_DIRECT_OBJC_ISA_USAGE = YES_ERROR;
				CLANG_WARN_EMPTY_BODY = YES;
				CLANG_WARN_ENUM_CONVERSION = YES;
				CLANG_WARN_INT_CONVERSION = YES;
				CLANG_WARN_OBJC_ROOT_CLASS = YES_ERROR;
				CLANG_WARN_UNREACHABLE_CODE = YES;
				CLANG_WARN__DUPLICATE_METHOD_MATCH = YES;
				"CODE_SIGN_IDENTITY[sdk=iphoneos*]" = "iPhone Developer";
				COPY_PHASE_STRIP = NO;
				ENABLE_STRICT_OBJC_MSGSEND = YES;
				GCC_C_LANGUAGE_STANDARD = gnu99;
				GCC_DYNAMIC_NO_PIC = NO;
				GCC_OPTIMIZATION_LEVEL = 0;
				GCC_PREPROCESSOR_DEFINITIONS = (
					"DEBUG=1",
					"$(inherited)",
				);
				GCC_SYMBOLS_PRIVATE_EXTERN = NO;
				GCC_WARN_64_TO_32_BIT_CONVERSION = YES;
				GCC_WARN_ABOUT_RETURN_TYPE = YES_ERROR;
				GCC_WARN_UNDECLARED_SELECTOR = YES;
				GCC_WARN_UNINITIALIZED_AUTOS = YES_AGGRESSIVE;
				GCC_WARN_UNUSED_FUNCTION = YES;
				GCC_WARN_UNUSED_VARIABLE = YES;
				IPHONEOS_DEPLOYMENT_TARGET = 8.1;
				MTL_ENABLE_DEBUG_INFO = YES;
				ONLY_ACTIVE_ARCH = YES;
				SDKROOT = iphoneos;
			};
			name = Debug;
		};
		740815C51A5874BC00B3F465 /* Release */ = {
			isa = XCBuildConfiguration;
			buildSettings = {
				ALWAYS_SEARCH_USER_PATHS = NO;
				CLANG_CXX_LANGUAGE_STANDARD = "gnu++0x";
				CLANG_CXX_LIBRARY = "libc++";
				CLANG_ENABLE_MODULES = YES;
				CLANG_ENABLE_OBJC_ARC = YES;
				CLANG_WARN_BOOL_CONVERSION = YES;
				CLANG_WARN_CONSTANT_CONVERSION = YES;
				CLANG_WARN_DIRECT_OBJC_ISA_USAGE = YES_ERROR;
				CLANG_WARN_EMPTY_BODY = YES;
				CLANG_WARN_ENUM_CONVERSION = YES;
				CLANG_WARN_INT_CONVERSION = YES;
				CLANG_WARN_OBJC_ROOT_CLASS = YES_ERROR;
				CLANG_WARN_UNREACHABLE_CODE = YES;
				CLANG_WARN__DUPLICATE_METHOD_MATCH = YES;
				"CODE_SIGN_IDENTITY[sdk=iphoneos*]" = "iPhone Developer";
				COPY_PHASE_STRIP = YES;
				ENABLE_NS_ASSERTIONS = NO;
				ENABLE_STRICT_OBJC_MSGSEND = YES;
				GCC_C_LANGUAGE_STANDARD = gnu99;
				GCC_WARN_64_TO_32_BIT_CONVERSION = YES;
				GCC_WARN_ABOUT_RETURN_TYPE = YES_ERROR;
				GCC_WARN_UNDECLARED_SELECTOR = YES;
				GCC_WARN_UNINITIALIZED_AUTOS = YES_AGGRESSIVE;
				GCC_WARN_UNUSED_FUNCTION = YES;
				GCC_WARN_UNUSED_VARIABLE = YES;
				IPHONEOS_DEPLOYMENT_TARGET = 8.1;
				MTL_ENABLE_DEBUG_INFO = NO;
				SDKROOT = iphoneos;
				VALIDATE_PRODUCT = YES;
			};
			name = Release;
		};
		740815C71A5874BC00B3F465 /* Debug */ = {
			isa = XCBuildConfiguration;
			buildSettings = {
				ASSETCATALOG_COMPILER_APPICON_NAME = AppIcon;
				INFOPLIST_FILE = NewsFeedSample/Info.plist;
				IPHONEOS_DEPLOYMENT_TARGET = 6.0;
				LD_RUNPATH_SEARCH_PATHS = "$(inherited) @executable_path/Frameworks";
				PRODUCT_NAME = "$(TARGET_NAME)";
			};
			name = Debug;
		};
		740815C81A5874BC00B3F465 /* Release */ = {
			isa = XCBuildConfiguration;
			buildSettings = {
				ASSETCATALOG_COMPILER_APPICON_NAME = AppIcon;
				INFOPLIST_FILE = NewsFeedSample/Info.plist;
				IPHONEOS_DEPLOYMENT_TARGET = 6.0;
				LD_RUNPATH_SEARCH_PATHS = "$(inherited) @executable_path/Frameworks";
				PRODUCT_NAME = "$(TARGET_NAME)";
			};
			name = Release;
		};
		740815CA1A5874BC00B3F465 /* Debug */ = {
			isa = XCBuildConfiguration;
			buildSettings = {
				BUNDLE_LOADER = "$(TEST_HOST)";
				FRAMEWORK_SEARCH_PATHS = (
					"$(SDKROOT)/Developer/Library/Frameworks",
					"$(inherited)",
				);
				GCC_PREPROCESSOR_DEFINITIONS = (
					"DEBUG=1",
					"$(inherited)",
				);
				INFOPLIST_FILE = NewsFeedSampleTests/Info.plist;
				LD_RUNPATH_SEARCH_PATHS = "$(inherited) @executable_path/Frameworks @loader_path/Frameworks";
				PRODUCT_NAME = "$(TARGET_NAME)";
				TEST_HOST = "$(BUILT_PRODUCTS_DIR)/NewsFeedSample.app/NewsFeedSample";
			};
			name = Debug;
		};
		740815CB1A5874BC00B3F465 /* Release */ = {
			isa = XCBuildConfiguration;
			buildSettings = {
				BUNDLE_LOADER = "$(TEST_HOST)";
				FRAMEWORK_SEARCH_PATHS = (
					"$(SDKROOT)/Developer/Library/Frameworks",
					"$(inherited)",
				);
				INFOPLIST_FILE = NewsFeedSampleTests/Info.plist;
				LD_RUNPATH_SEARCH_PATHS = "$(inherited) @executable_path/Frameworks @loader_path/Frameworks";
				PRODUCT_NAME = "$(TARGET_NAME)";
				TEST_HOST = "$(BUILT_PRODUCTS_DIR)/NewsFeedSample.app/NewsFeedSample";
			};
			name = Release;
		};
/* End XCBuildConfiguration section */

/* Begin XCConfigurationList section */
		7408159B1A5874BC00B3F465 /* Build configuration list for PBXProject "NewsFeedSample" */ = {
			isa = XCConfigurationList;
			buildConfigurations = (
				740815C41A5874BC00B3F465 /* Debug */,
				740815C51A5874BC00B3F465 /* Release */,
			);
			defaultConfigurationIsVisible = 0;
			defaultConfigurationName = Release;
		};
		740815C61A5874BC00B3F465 /* Build configuration list for PBXNativeTarget "NewsFeedSample" */ = {
			isa = XCConfigurationList;
			buildConfigurations = (
				740815C71A5874BC00B3F465 /* Debug */,
				740815C81A5874BC00B3F465 /* Release */,
			);
			defaultConfigurationIsVisible = 0;
			defaultConfigurationName = Release;
		};
		740815C91A5874BC00B3F465 /* Build configuration list for PBXNativeTarget "NewsFeedSampleTests" */ = {
			isa = XCConfigurationList;
			buildConfigurations = (
				740815CA1A5874BC00B3F465 /* Debug */,
				740815CB1A5874BC00B3F465 /* Release */,
			);
			defaultConfigurationIsVisible = 0;
			defaultConfigurationName = Release;
		};
/* End XCConfigurationList section */

/* Begin XCVersionGroup section */
		740815AA1A5874BC00B3F465 /* NewsFeedSample.xcdatamodeld */ = {
			isa = XCVersionGroup;
			children = (
				740815AB1A5874BC00B3F465 /* NewsFeedSample.xcdatamodel */,
			);
			currentVersion = 740815AB1A5874BC00B3F465 /* NewsFeedSample.xcdatamodel */;
			path = NewsFeedSample.xcdatamodeld;
			sourceTree = "<group>";
			versionGroupType = wrapper.xcdatamodel;
		};
/* End XCVersionGroup section */
	};
	rootObject = 740815981A5874BC00B3F465 /* Project object */;
}
